
Microsoft Visual Studio Solution File, Format Version 12.00
# Visual Studio 15
VisualStudioVersion = 15.0.27004.2010
MinimumVisualStudioVersion = 10.0.40219.1
Project("{8BC9CEB8-8B4A-11D0-8D11-00A0C91BC942}") = "Table", "Table\Table.vcxproj", "{068D222A-A42E-481C-975D-E8684F1558E1}"
EndProject
Project("{8BC9CEB8-8B4A-11D0-8D11-00A0C91BC942}") = "Lab1_GUI", "Lab1_GUI\Lab1_GUI.vcxproj", "{B12702AD-ABFB-343A-A199-8E24837244A3}"
EndProject
Project("{8BC9CEB8-8B4A-11D0-8D11-00A0C91BC942}") = "Lab2_GUI", "Lab2_GUI\Lab2_GUI.vcxproj", "{6A691256-4959-466F-A79F-4B2AC2D584D3}"
EndProject
Project("{8BC9CEB8-8B4A-11D0-8D11-00A0C91BC942}") = "MyGraph", "MyGraph\MyGraph.vcxproj", "{583D315D-B6EF-4881-AABC-03853B90B7AD}"
EndProject
Project("{8BC9CEB8-8B4A-11D0-8D11-00A0C91BC942}") = "Lab3_GUI", "Lab3_GUI\Lab3_GUI.vcxproj", "{5E862CBF-FD2A-4F7F-B000-5D9A1B6963D5}"
EndProject
Project("{8BC9CEB8-8B4A-11D0-8D11-00A0C91BC942}") = "MyParser", "MyParser\MyParser.vcxproj", "{D7023774-AF4F-476C-B276-F8DB684D8F07}"
EndProject
Project("{8BC9CEB8-8B4A-11D0-8D11-00A0C91BC942}") = "Lab4_GUI", "Lab4_GUI\Lab4_GUI.vcxproj", "{9D9C3EFE-DDE9-482C-B6A1-96805AA43666}"
EndProject
Project("{8BC9CEB8-8B4A-11D0-8D11-00A0C91BC942}") = "Lab5_GUI", "Lab5_GUI\Lab5_GUI.vcxproj", "{59D3DE26-76CB-4866-A126-7BE476796C69}"
EndProject
Project("{8BC9CEB8-8B4A-11D0-8D11-00A0C91BC942}") = "Lab6_GUI", "Lab6_GUI\Lab6_GUI.vcxproj", "{574CFC21-5B96-4DA9-AE74-04E18B9BCBD7}"
EndProject
Global
	GlobalSection(SolutionConfigurationPlatforms) = preSolution
		Debug|x64 = Debug|x64
		Debug|x86 = Debug|x86
		Release|x64 = Release|x64
		Release|x86 = Release|x86
	EndGlobalSection
	GlobalSection(ProjectConfigurationPlatforms) = postSolution
		{068D222A-A42E-481C-975D-E8684F1558E1}.Debug|x64.ActiveCfg = Debug|x64
		{068D222A-A42E-481C-975D-E8684F1558E1}.Debug|x64.Build.0 = Debug|x64
		{068D222A-A42E-481C-975D-E8684F1558E1}.Debug|x86.ActiveCfg = Debug|Win32
		{068D222A-A42E-481C-975D-E8684F1558E1}.Debug|x86.Build.0 = Debug|Win32
		{068D222A-A42E-481C-975D-E8684F1558E1}.Release|x64.ActiveCfg = Release|x64
		{068D222A-A42E-481C-975D-E8684F1558E1}.Release|x64.Build.0 = Release|x64
		{068D222A-A42E-481C-975D-E8684F1558E1}.Release|x86.ActiveCfg = Release|Win32
		{068D222A-A42E-481C-975D-E8684F1558E1}.Release|x86.Build.0 = Release|Win32
		{B12702AD-ABFB-343A-A199-8E24837244A3}.Debug|x64.ActiveCfg = Debug|x64
		{B12702AD-ABFB-343A-A199-8E24837244A3}.Debug|x64.Build.0 = Debug|x64
		{B12702AD-ABFB-343A-A199-8E24837244A3}.Debug|x86.ActiveCfg = Debug|Win32
		{B12702AD-ABFB-343A-A199-8E24837244A3}.Debug|x86.Build.0 = Debug|Win32
		{B12702AD-ABFB-343A-A199-8E24837244A3}.Release|x64.ActiveCfg = Release|x64
		{B12702AD-ABFB-343A-A199-8E24837244A3}.Release|x64.Build.0 = Release|x64
		{B12702AD-ABFB-343A-A199-8E24837244A3}.Release|x86.ActiveCfg = Release|Win32
		{B12702AD-ABFB-343A-A199-8E24837244A3}.Release|x86.Build.0 = Release|Win32
		{6A691256-4959-466F-A79F-4B2AC2D584D3}.Debug|x64.ActiveCfg = Debug|x64
		{6A691256-4959-466F-A79F-4B2AC2D584D3}.Debug|x64.Build.0 = Debug|x64
		{6A691256-4959-466F-A79F-4B2AC2D584D3}.Debug|x86.ActiveCfg = Debug|x64
		{6A691256-4959-466F-A79F-4B2AC2D584D3}.Release|x64.ActiveCfg = Release|x64
		{6A691256-4959-466F-A79F-4B2AC2D584D3}.Release|x64.Build.0 = Release|x64
		{6A691256-4959-466F-A79F-4B2AC2D584D3}.Release|x86.ActiveCfg = Release|x64
		{583D315D-B6EF-4881-AABC-03853B90B7AD}.Debug|x64.ActiveCfg = Debug|x64
		{583D315D-B6EF-4881-AABC-03853B90B7AD}.Debug|x64.Build.0 = Debug|x64
		{583D315D-B6EF-4881-AABC-03853B90B7AD}.Debug|x86.ActiveCfg = Debug|Win32
		{583D315D-B6EF-4881-AABC-03853B90B7AD}.Debug|x86.Build.0 = Debug|Win32
		{583D315D-B6EF-4881-AABC-03853B90B7AD}.Release|x64.ActiveCfg = Release|x64
		{583D315D-B6EF-4881-AABC-03853B90B7AD}.Release|x64.Build.0 = Release|x64
		{583D315D-B6EF-4881-AABC-03853B90B7AD}.Release|x86.ActiveCfg = Release|Win32
		{583D315D-B6EF-4881-AABC-03853B90B7AD}.Release|x86.Build.0 = Release|Win32
		{5E862CBF-FD2A-4F7F-B000-5D9A1B6963D5}.Debug|x64.ActiveCfg = Debug|x64
		{5E862CBF-FD2A-4F7F-B000-5D9A1B6963D5}.Debug|x64.Build.0 = Debug|x64
		{5E862CBF-FD2A-4F7F-B000-5D9A1B6963D5}.Debug|x86.ActiveCfg = Debug|x64
		{5E862CBF-FD2A-4F7F-B000-5D9A1B6963D5}.Release|x64.ActiveCfg = Release|x64
		{5E862CBF-FD2A-4F7F-B000-5D9A1B6963D5}.Release|x64.Build.0 = Release|x64
		{5E862CBF-FD2A-4F7F-B000-5D9A1B6963D5}.Release|x86.ActiveCfg = Release|x64
		{D7023774-AF4F-476C-B276-F8DB684D8F07}.Debug|x64.ActiveCfg = Debug|x64
		{D7023774-AF4F-476C-B276-F8DB684D8F07}.Debug|x64.Build.0 = Debug|x64
		{D7023774-AF4F-476C-B276-F8DB684D8F07}.Debug|x86.ActiveCfg = Debug|Win32
		{D7023774-AF4F-476C-B276-F8DB684D8F07}.Debug|x86.Build.0 = Debug|Win32
		{D7023774-AF4F-476C-B276-F8DB684D8F07}.Release|x64.ActiveCfg = Release|x64
		{D7023774-AF4F-476C-B276-F8DB684D8F07}.Release|x64.Build.0 = Release|x64
		{D7023774-AF4F-476C-B276-F8DB684D8F07}.Release|x86.ActiveCfg = Release|Win32
		{D7023774-AF4F-476C-B276-F8DB684D8F07}.Release|x86.Build.0 = Release|Win32
		{9D9C3EFE-DDE9-482C-B6A1-96805AA43666}.Debug|x64.ActiveCfg = Debug|x64
		{9D9C3EFE-DDE9-482C-B6A1-96805AA43666}.Debug|x64.Build.0 = Debug|x64
		{9D9C3EFE-DDE9-482C-B6A1-96805AA43666}.Debug|x86.ActiveCfg = Debug|x64
		{9D9C3EFE-DDE9-482C-B6A1-96805AA43666}.Release|x64.ActiveCfg = Release|x64
		{9D9C3EFE-DDE9-482C-B6A1-96805AA43666}.Release|x64.Build.0 = Release|x64
		{9D9C3EFE-DDE9-482C-B6A1-96805AA43666}.Release|x86.ActiveCfg = Release|x64
		{59D3DE26-76CB-4866-A126-7BE476796C69}.Debug|x64.ActiveCfg = Debug|x64
		{59D3DE26-76CB-4866-A126-7BE476796C69}.Debug|x64.Build.0 = Debug|x64
		{59D3DE26-76CB-4866-A126-7BE476796C69}.Debug|x86.ActiveCfg = Debug|x64
		{59D3DE26-76CB-4866-A126-7BE476796C69}.Release|x64.ActiveCfg = Release|x64
		{59D3DE26-76CB-4866-A126-7BE476796C69}.Release|x64.Build.0 = Release|x64
		{59D3DE26-76CB-4866-A126-7BE476796C69}.Release|x86.ActiveCfg = Release|x64
		{574CFC21-5B96-4DA9-AE74-04E18B9BCBD7}.Debug|x64.ActiveCfg = Debug|x64
		{574CFC21-5B96-4DA9-AE74-04E18B9BCBD7}.Debug|x64.Build.0 = Debug|x64
		{574CFC21-5B96-4DA9-AE74-04E18B9BCBD7}.Debug|x86.ActiveCfg = Debug|x64
		{574CFC21-5B96-4DA9-AE74-04E18B9BCBD7}.Release|x64.ActiveCfg = Release|x64
		{574CFC21-5B96-4DA9-AE74-04E18B9BCBD7}.Release|x64.Build.0 = Release|x64
		{574CFC21-5B96-4DA9-AE74-04E18B9BCBD7}.Release|x86.ActiveCfg = Release|x64
	EndGlobalSection
	GlobalSection(SolutionProperties) = preSolution
		HideSolutionNode = FALSE
	EndGlobalSection
	GlobalSection(ExtensibilityGlobals) = postSolution
		SolutionGuid = {FE34974E-7847-4BA2-AA4A-AC8E426779EA}
	EndGlobalSection
EndGlobal
